
Microsoft Visual Studio Solution File, Format Version 12.00
# Visual Studio Version 17
VisualStudioVersion = 17.5.002.0
MinimumVisualStudioVersion = 10.0.40219.1
Project("{9A19103F-16F7-4668-BE54-9A1E7A4F7556}") = "DATAGOV_API_INTRO_8", "DATAGOV_API_INTRO_8.csproj", "{74588186-DCF3-48F3-96B5-90293E63CA4A}"
EndProject
Global
	GlobalSection(SolutionConfigurationPlatforms) = preSolution
		Debug|Any CPU = Debug|Any CPU
		Release|Any CPU = Release|Any CPU
	EndGlobalSection
	GlobalSection(ProjectConfigurationPlatforms) = postSolution
		{74588186-DCF3-48F3-96B5-90293E63CA4A}.Debug|Any CPU.ActiveCfg = Debug|Any CPU
		{74588186-DCF3-48F3-96B5-90293E63CA4A}.Debug|Any CPU.Build.0 = Debug|Any CPU
		{74588186-DCF3-48F3-96B5-90293E63CA4A}.Release|Any CPU.ActiveCfg = Release|Any CPU
		{74588186-DCF3-48F3-96B5-90293E63CA4A}.Release|Any CPU.Build.0 = Release|Any CPU
	EndGlobalSection
	GlobalSection(SolutionProperties) = preSolution
		HideSolutionNode = FALSE
	EndGlobalSection
	GlobalSection(ExtensibilityGlobals) = postSolution
		SolutionGuid = {8F9A2207-7221-4ED2-980A-7065B1C43C4A}
	EndGlobalSection
EndGlobal
